speakeasyVersion: 1.787.0
sources:
    OpenRouter API:
        sourceNamespace: open-router-chat-completions-api
        sourceRevisionDigest: sha256:3704bb69e4f9906787b89e3521b59397f94d5a43936b1ec4076ee62aa6b9c2f8
        sourceBlobDigest: sha256:d92345fc4c6e7279ac2cd1764c823fa226fdcefa83f755bd2f0347bac128705d
        tags:
            - latest
            - 1.0.0
targets:
    open-router:
        source: OpenRouter API
        sourceNamespace: open-router-chat-completions-api
        sourceRevisionDigest: sha256:3704bb69e4f9906787b89e3521b59397f94d5a43936b1ec4076ee62aa6b9c2f8
        sourceBlobDigest: sha256:d92345fc4c6e7279ac2cd1764c823fa226fdcefa83f755bd2f0347bac128705d
        codeSamplesNamespace: open-router-python-code-samples
        codeSamplesRevisionDigest: sha256:b85c77ba01992d8a7c2575a6f250a5b60428abffdc68f4c8873722a7c33bc2c3
workflow:
    workflowVersion: 1.0.0
    speakeasyVersion: 1.787.0
    sources:
        OpenRouter API:
            inputs:
                - location: .speakeasy/in.openapi.yaml
            overlays:
                - location: .speakeasy/overlays/open-enums.overlay.yaml
                - location: .speakeasy/overlays/remove-rss-responses.overlay.yaml
                - location: .speakeasy/overlays/add-headers.overlay.yaml
                - location: .speakeasy/overlays/allof-simplify.overlay.yaml
                - location: .speakeasy/overlays/boolean-query-params.overlay.yaml
                - location: .speakeasy/overlays/fix-nullable-pagination.overlay.yaml
                - location: .speakeasy/overlays/deprecated-beta-responses-alias.overlay.yaml
            output: .speakeasy/out.openapi.yaml
            registry:
                location: registry.speakeasyapi.dev/openrouter/sdk/open-router-chat-completions-api
    targets:
        open-router:
            target: python
            source: OpenRouter API
            publish:
                pypi:
                    token: $pypi_token
            codeSamples:
                registry:
                    location: registry.speakeasyapi.dev/openrouter/sdk/open-router-python-code-samples
                labelOverride:
                    fixedValue: Python (SDK)
                blocking: false
